
Microsoft Visual Studio Solution File, Format Version 12.00
# Visual Studio Version 17
VisualStudioVersion = 17.9.34616.47
MinimumVisualStudioVersion = 10.0.40219.1
Project("{FAE04EC0-301F-11D3-BF4B-00C04F79EFBC}") = "mindbox.ShapeLibrary", "mindbox.ShapeLibrary\mindbox.ShapeLibrary.csproj", "{F152568D-2E89-4855-ABBF-834268343540}"
EndProject
Global
	GlobalSection(SolutionConfigurationPlatforms) = preSolution
		Debug|Any CPU = Debug|Any CPU
		Release|Any CPU = Release|Any CPU
	EndGlobalSection
	GlobalSection(ProjectConfigurationPlatforms) = postSolution
		{F152568D-2E89-4855-ABBF-834268343540}.Debug|Any CPU.ActiveCfg = Debug|Any CPU
		{F152568D-2E89-4855-ABBF-834268343540}.Debug|Any CPU.Build.0 = Debug|Any CPU
		{F152568D-2E89-4855-ABBF-834268343540}.Release|Any CPU.ActiveCfg = Release|Any CPU
		{F152568D-2E89-4855-ABBF-834268343540}.Release|Any CPU.Build.0 = Release|Any CPU
	EndGlobalSection
	GlobalSection(SolutionProperties) = preSolution
		HideSolutionNode = FALSE
	EndGlobalSection
	GlobalSection(ExtensibilityGlobals) = postSolution
		SolutionGuid = {6C7FD3A5-3735-40AC-ABDF-2F4A9AB76159}
	EndGlobalSection
EndGlobal
